
Microsoft Visual Studio Solution File, Format Version 12.00
# Visual Studio Version 17
VisualStudioVersion = 17.9.34723.18
MinimumVisualStudioVersion = 10.0.40219.1
Project("{9A19103F-16F7-4668-BE54-9A1E7A4F7556}") = "JobFinderPractic", "JobFinderPractic\JobFinderPractic.csproj", "{9FA797A2-906B-4D07-B0E8-FC6A86C42031}"
EndProject
Project("{9A19103F-16F7-4668-BE54-9A1E7A4F7556}") = "JobFinder.Domain", "JobFinder.Domain\JobFinder.Domain.csproj", "{289F9087-ABDF-411C-A1F3-6A02592DAC50}"
EndProject
Project("{FAE04EC0-301F-11D3-BF4B-00C04F79EFBC}") = "JobFinder.DataAccess", "JobFinder.DataAccess\JobFinder.DataAccess.csproj", "{E5CDDF93-7C9D-42FF-AB14-917FF1DA7418}"
EndProject
Global
	GlobalSection(SolutionConfigurationPlatforms) = preSolution
		Debug|Any CPU = Debug|Any CPU
		Release|Any CPU = Release|Any CPU
	EndGlobalSection
	GlobalSection(ProjectConfigurationPlatforms) = postSolution
		{9FA797A2-906B-4D07-B0E8-FC6A86C42031}.Debug|Any CPU.ActiveCfg = Debug|Any CPU
		{9FA797A2-906B-4D07-B0E8-FC6A86C42031}.Debug|Any CPU.Build.0 = Debug|Any CPU
		{9FA797A2-906B-4D07-B0E8-FC6A86C42031}.Release|Any CPU.ActiveCfg = Release|Any CPU
		{9FA797A2-906B-4D07-B0E8-FC6A86C42031}.Release|Any CPU.Build.0 = Release|Any CPU
		{289F9087-ABDF-411C-A1F3-6A02592DAC50}.Debug|Any CPU.ActiveCfg = Debug|Any CPU
		{289F9087-ABDF-411C-A1F3-6A02592DAC50}.Debug|Any CPU.Build.0 = Debug|Any CPU
		{289F9087-ABDF-411C-A1F3-6A02592DAC50}.Release|Any CPU.ActiveCfg = Release|Any CPU
		{289F9087-ABDF-411C-A1F3-6A02592DAC50}.Release|Any CPU.Build.0 = Release|Any CPU
		{E5CDDF93-7C9D-42FF-AB14-917FF1DA7418}.Debug|Any CPU.ActiveCfg = Debug|Any CPU
		{E5CDDF93-7C9D-42FF-AB14-917FF1DA7418}.Debug|Any CPU.Build.0 = Debug|Any CPU
		{E5CDDF93-7C9D-42FF-AB14-917FF1DA7418}.Release|Any CPU.ActiveCfg = Release|Any CPU
		{E5CDDF93-7C9D-42FF-AB14-917FF1DA7418}.Release|Any CPU.Build.0 = Release|Any CPU
	EndGlobalSection
	GlobalSection(SolutionProperties) = preSolution
		HideSolutionNode = FALSE
	EndGlobalSection
	GlobalSection(ExtensibilityGlobals) = postSolution
		SolutionGuid = {6820B5BC-6239-4C6F-82D9-9B0D4CB02ABF}
	EndGlobalSection
EndGlobal
